
Microsoft Visual Studio Solution File, Format Version 12.00
# Visual Studio 15
VisualStudioVersion = 15.0.26430.13
MinimumVisualStudioVersion = 10.0.40219.1
Project("{FAE04EC0-301F-11D3-BF4B-00C04F79EFBC}") = "DroneLander.Android", "DroneLander\DroneLander.Android\DroneLander.Android.csproj", "{FA76DBC8-3AE5-4D63-A8A5-58AA11C5EDF4}"
EndProject
Project("{FAE04EC0-301F-11D3-BF4B-00C04F79EFBC}") = "DroneLander", "DroneLander\DroneLander\DroneLander.csproj", "{E17A0A69-0CB4-493D-A419-DA55636DA2CF}"
EndProject
Project("{FAE04EC0-301F-11D3-BF4B-00C04F79EFBC}") = "DroneLander.UWP", "DroneLander\DroneLander.UWP\DroneLander.UWP.csproj", "{E3F8B75A-6D48-485C-8CA5-133066C17679}"
EndProject
Project("{FAE04EC0-301F-11D3-BF4B-00C04F79EFBC}") = "DroneLander.iOS", "DroneLander\DroneLander.iOS\DroneLander.iOS.csproj", "{B17BBADF-336C-46F7-9C68-1A5755F83770}"
EndProject
Global
	GlobalSection(SolutionConfigurationPlatforms) = preSolution
		Ad-Hoc|Any CPU = Ad-Hoc|Any CPU
		Ad-Hoc|ARM = Ad-Hoc|ARM
		Ad-Hoc|iPhone = Ad-Hoc|iPhone
		Ad-Hoc|iPhoneSimulator = Ad-Hoc|iPhoneSimulator
		Ad-Hoc|x64 = Ad-Hoc|x64
		Ad-Hoc|x86 = Ad-Hoc|x86
		AppStore|Any CPU = AppStore|Any CPU
		AppStore|ARM = AppStore|ARM
		AppStore|iPhone = AppStore|iPhone
		AppStore|iPhoneSimulator = AppStore|iPhoneSimulator
		AppStore|x64 = AppStore|x64
		AppStore|x86 = AppStore|x86
		Debug|Any CPU = Debug|Any CPU
		Debug|ARM = Debug|ARM
		Debug|iPhone = Debug|iPhone
		Debug|iPhoneSimulator = Debug|iPhoneSimulator
		Debug|x64 = Debug|x64
		Debug|x86 = Debug|x86
		Release|Any CPU = Release|Any CPU
		Release|ARM = Release|ARM
		Release|iPhone = Release|iPhone
		Release|iPhoneSimulator = Release|iPhoneSimulator
		Release|x64 = Release|x64
		Release|x86 = Release|x86
	EndGlobalSection
	GlobalSection(ProjectConfigurationPlatforms) = postSolution
		{FA76DBC8-3AE5-4D63-A8A5-58AA11C5EDF4}.Ad-Hoc|Any CPU.ActiveCfg = Release|Any CPU
		{FA76DBC8-3AE5-4D63-A8A5-58AA11C5EDF4}.Ad-Hoc|Any CPU.Build.0 = Release|Any CPU
		{FA76DBC8-3AE5-4D63-A8A5-58AA11C5EDF4}.Ad-Hoc|Any CPU.Deploy.0 = Release|Any CPU
		{FA76DBC8-3AE5-4D63-A8A5-58AA11C5EDF4}.Ad-Hoc|ARM.ActiveCfg = Release|Any CPU
		{FA76DBC8-3AE5-4D63-A8A5-58AA11C5EDF4}.Ad-Hoc|ARM.Build.0 = Release|Any CPU
		{FA76DBC8-3AE5-4D63-A8A5-58AA11C5EDF4}.Ad-Hoc|ARM.Deploy.0 = Release|Any CPU
		{FA76DBC8-3AE5-4D63-A8A5-58AA11C5EDF4}.Ad-Hoc|iPhone.ActiveCfg = Release|Any CPU
		{FA76DBC8-3AE5-4D63-A8A5-58AA11C5EDF4}.Ad-Hoc|iPhone.Build.0 = Release|Any CPU
		{FA76DBC8-3AE5-4D63-A8A5-58AA11C5EDF4}.Ad-Hoc|iPhone.Deploy.0 = Release|Any CPU
		{FA76DBC8-3AE5-4D63-A8A5-58AA11C5EDF4}.Ad-Hoc|iPhoneSimulator.ActiveCfg = Release|Any CPU
		{FA76DBC8-3AE5-4D63-A8A5-58AA11C5EDF4}.Ad-Hoc|iPhoneSimulator.Build.0 = Release|Any CPU
		{FA76DBC8-3AE5-4D63-A8A5-58AA11C5EDF4}.Ad-Hoc|iPhoneSimulator.Deploy.0 = Release|Any CPU
		{FA76DBC8-3AE5-4D63-A8A5-58AA11C5EDF4}.Ad-Hoc|x64.ActiveCfg = Release|Any CPU
		{FA76DBC8-3AE5-4D63-A8A5-58AA11C5EDF4}.Ad-Hoc|x64.Build.0 = Release|Any CPU
		{FA76DBC8-3AE5-4D63-A8A5-58AA11C5EDF4}.Ad-Hoc|x64.Deploy.0 = Release|Any CPU
		{FA76DBC8-3AE5-4D63-A8A5-58AA11C5EDF4}.Ad-Hoc|x86.ActiveCfg = Release|Any CPU
		{FA76DBC8-3AE5-4D63-A8A5-58AA11C5EDF4}.Ad-Hoc|x86.Build.0 = Release|Any CPU
		{FA76DBC8-3AE5-4D63-A8A5-58AA11C5EDF4}.Ad-Hoc|x86.Deploy.0 = Release|Any CPU
		{FA76DBC8-3AE5-4D63-A8A5-58AA11C5EDF4}.AppStore|Any CPU.ActiveCfg = Release|Any CPU
		{FA76DBC8-3AE5-4D63-A8A5-58AA11C5EDF4}.AppStore|Any CPU.Build.0 = Release|Any CPU
		{FA76DBC8-3AE5-4D63-A8A5-58AA11C5EDF4}.AppStore|Any CPU.Deploy.0 = Release|Any CPU
		{FA76DBC8-3AE5-4D63-A8A5-58AA11C5EDF4}.AppStore|ARM.ActiveCfg = Release|Any CPU
		{FA76DBC8-3AE5-4D63-A8A5-58AA11C5EDF4}.AppStore|ARM.Build.0 = Release|Any CPU
		{FA76DBC8-3AE5-4D63-A8A5-58AA11C5EDF4}.AppStore|ARM.Deploy.0 = Release|Any CPU
		{FA76DBC8-3AE5-4D63-A8A5-58AA11C5EDF4}.AppStore|iPhone.ActiveCfg = Release|Any CPU
		{FA76DBC8-3AE5-4D63-A8A5-58AA11C5EDF4}.AppStore|iPhone.Build.0 = Release|Any CPU
		{FA76DBC8-3AE5-4D63-A8A5-58AA11C5EDF4}.AppStore|iPhone.Deploy.0 = Release|Any CPU
		{FA76DBC8-3AE5-4D63-A8A5-58AA11C5EDF4}.AppStore|iPhoneSimulator.ActiveCfg = Release|Any CPU
		{FA76DBC8-3AE5-4D63-A8A5-58AA11C5EDF4}.AppStore|iPhoneSimulator.Build.0 = Release|Any CPU
		{FA76DBC8-3AE5-4D63-A8A5-58AA11C5EDF4}.AppStore|iPhoneSimulator.Deploy.0 = Release|Any CPU
		{FA76DBC8-3AE5-4D63-A8A5-58AA11C5EDF4}.AppStore|x64.ActiveCfg = Release|Any CPU
		{FA76DBC8-3AE5-4D63-A8A5-58AA11C5EDF4}.AppStore|x64.Build.0 = Release|Any CPU
		{FA76DBC8-3AE5-4D63-A8A5-58AA11C5EDF4}.AppStore|x64.Deploy.0 = Release|Any CPU
		{FA76DBC8-3AE5-4D63-A8A5-58AA11C5EDF4}.AppStore|x86.ActiveCfg = Release|Any CPU
		{FA76DBC8-3AE5-4D63-A8A5-58AA11C5EDF4}.AppStore|x86.Build.0 = Release|Any CPU
		{FA76DBC8-3AE5-4D63-A8A5-58AA11C5EDF4}.AppStore|x86.Deploy.0 = Release|Any CPU
		{FA76DBC8-3AE5-4D63-A8A5-58AA11C5EDF4}.Debug|Any CPU.ActiveCfg = Debug|Any CPU
		{FA76DBC8-3AE5-4D63-A8A5-58AA11C5EDF4}.Debug|Any CPU.Build.0 = Debug|Any CPU
		{FA76DBC8-3AE5-4D63-A8A5-58AA11C5EDF4}.Debug|Any CPU.Deploy.0 = Debug|Any CPU
		{FA76DBC8-3AE5-4D63-A8A5-58AA11C5EDF4}.Debug|ARM.ActiveCfg = Debug|Any CPU
		{FA76DBC8-3AE5-4D63-A8A5-58AA11C5EDF4}.Debug|ARM.Build.0 = Debug|Any CPU
		{FA76DBC8-3AE5-4D63-A8A5-58AA11C5EDF4}.Debug|ARM.Deploy.0 = Debug|Any CPU
		{FA76DBC8-3AE5-4D63-A8A5-58AA11C5EDF4}.Debug|iPhone.ActiveCfg = Debug|Any CPU
		{FA76DBC8-3AE5-4D63-A8A5-58AA11C5EDF4}.Debug|iPhone.Build.0 = Debug|Any CPU
		{FA76DBC8-3AE5-4D63-A8A5-58AA11C5EDF4}.Debug|iPhone.Deploy.0 = Debug|Any CPU
		{FA76DBC8-3AE5-4D63-A8A5-58AA11C5EDF4}.Debug|iPhoneSimulator.ActiveCfg = Debug|Any CPU
		{FA76DBC8-3AE5-4D63-A8A5-58AA11C5EDF4}.Debug|iPhoneSimulator.Build.0 = Debug|Any CPU
		{FA76DBC8-3AE5-4D63-A8A5-58AA11C5EDF4}.Debug|iPhoneSimulator.Deploy.0 = Debug|Any CPU
		{FA76DBC8-3AE5-4D63-A8A5-58AA11C5EDF4}.Debug|x64.ActiveCfg = Debug|Any CPU
		{FA76DBC8-3AE5-4D63-A8A5-58AA11C5EDF4}.Debug|x64.Build.0 = Debug|Any CPU
		{FA76DBC8-3AE5-4D63-A8A5-58AA11C5EDF4}.Debug|x64.Deploy.0 = Debug|Any CPU
		{FA76DBC8-3AE5-4D63-A8A5-58AA11C5EDF4}.Debug|x86.ActiveCfg = Debug|Any CPU
		{FA76DBC8-3AE5-4D63-A8A5-58AA11C5EDF4}.Debug|x86.Build.0 = Debug|Any CPU
		{FA76DBC8-3AE5-4D63-A8A5-58AA11C5EDF4}.Debug|x86.Deploy.0 = Debug|Any CPU
		{FA76DBC8-3AE5-4D63-A8A5-58AA11C5EDF4}.Release|Any CPU.ActiveCfg = Release|Any CPU
		{FA76DBC8-3AE5-4D63-A8A5-58AA11C5EDF4}.Release|Any CPU.Build.0 = Release|Any CPU
		{FA76DBC8-3AE5-4D63-A8A5-58AA11C5EDF4}.Release|Any CPU.Deploy.0 = Release|Any CPU
		{FA76DBC8-3AE5-4D63-A8A5-58AA11C5EDF4}.Release|ARM.ActiveCfg = Release|Any CPU
		{FA76DBC8-3AE5-4D63-A8A5-58AA11C5EDF4}.Release|ARM.Build.0 = Release|Any CPU
		{FA76DBC8-3AE5-4D63-A8A5-58AA11C5EDF4}.Release|ARM.Deploy.0 = Release|Any CPU
		{FA76DBC8-3AE5-4D63-A8A5-58AA11C5EDF4}.Release|iPhone.ActiveCfg = Release|Any CPU
		{FA76DBC8-3AE5-4D63-A8A5-58AA11C5EDF4}.Release|iPhone.Build.0 = Release|Any CPU
		{FA76DBC8-3AE5-4D63-A8A5-58AA11C5EDF4}.Release|iPhone.Deploy.0 = Release|Any CPU
		{FA76DBC8-3AE5-4D63-A8A5-58AA11C5EDF4}.Release|iPhoneSimulator.ActiveCfg = Release|Any CPU
		{FA76DBC8-3AE5-4D63-A8A5-58AA11C5EDF4}.Release|iPhoneSimulator.Build.0 = Release|Any CPU
		{FA76DBC8-3AE5-4D63-A8A5-58AA11C5EDF4}.Release|iPhoneSimulator.Deploy.0 = Release|Any CPU
		{FA76DBC8-3AE5-4D63-A8A5-58AA11C5EDF4}.Release|x64.ActiveCfg = Release|Any CPU
		{FA76DBC8-3AE5-4D63-A8A5-58AA11C5EDF4}.Release|x64.Build.0 = Release|Any CPU
		{FA76DBC8-3AE5-4D63-A8A5-58AA11C5EDF4}.Release|x64.Deploy.0 = Release|Any CPU
		{FA76DBC8-3AE5-4D63-A8A5-58AA11C5EDF4}.Release|x86.ActiveCfg = Release|Any CPU
		{FA76DBC8-3AE5-4D63-A8A5-58AA11C5EDF4}.Release|x86.Build.0 = Release|Any CPU
		{FA76DBC8-3AE5-4D63-A8A5-58AA11C5EDF4}.Release|x86.Deploy.0 = Release|Any CPU
		{E17A0A69-0CB4-493D-A419-DA55636DA2CF}.Ad-Hoc|Any CPU.ActiveCfg = Release|Any CPU
		{E17A0A69-0CB4-493D-A419-DA55636DA2CF}.Ad-Hoc|Any CPU.Build.0 = Release|Any CPU
		{E17A0A69-0CB4-493D-A419-DA55636DA2CF}.Ad-Hoc|ARM.ActiveCfg = Release|Any CPU
		{E17A0A69-0CB4-493D-A419-DA55636DA2CF}.Ad-Hoc|ARM.Build.0 = Release|Any CPU
		{E17A0A69-0CB4-493D-A419-DA55636DA2CF}.Ad-Hoc|iPhone.ActiveCfg = Release|Any CPU
		{E17A0A69-0CB4-493D-A419-DA55636DA2CF}.Ad-Hoc|iPhone.Build.0 = Release|Any CPU
		{E17A0A69-0CB4-493D-A419-DA55636DA2CF}.Ad-Hoc|iPhoneSimulator.ActiveCfg = Release|Any CPU
		{E17A0A69-0CB4-493D-A419-DA55636DA2CF}.Ad-Hoc|iPhoneSimulator.Build.0 = Release|Any CPU
		{E17A0A69-0CB4-493D-A419-DA55636DA2CF}.Ad-Hoc|x64.ActiveCfg = Release|Any CPU
		{E17A0A69-0CB4-493D-A419-DA55636DA2CF}.Ad-Hoc|x64.Build.0 = Release|Any CPU
		{E17A0A69-0CB4-493D-A419-DA55636DA2CF}.Ad-Hoc|x86.ActiveCfg = Release|Any CPU
		{E17A0A69-0CB4-493D-A419-DA55636DA2CF}.Ad-Hoc|x86.Build.0 = Release|Any CPU
		{E17A0A69-0CB4-493D-A419-DA55636DA2CF}.AppStore|Any CPU.ActiveCfg = Release|Any CPU
		{E17A0A69-0CB4-493D-A419-DA55636DA2CF}.AppStore|Any CPU.Build.0 = Release|Any CPU
		{E17A0A69-0CB4-493D-A419-DA55636DA2CF}.AppStore|ARM.ActiveCfg = Release|Any CPU
		{E17A0A69-0CB4-493D-A419-DA55636DA2CF}.AppStore|ARM.Build.0 = Release|Any CPU
		{E17A0A69-0CB4-493D-A419-DA55636DA2CF}.AppStore|iPhone.ActiveCfg = Release|Any CPU
		{E17A0A69-0CB4-493D-A419-DA55636DA2CF}.AppStore|iPhone.Build.0 = Release|Any CPU
		{E17A0A69-0CB4-493D-A419-DA55636DA2CF}.AppStore|iPhoneSimulator.ActiveCfg = Release|Any CPU
		{E17A0A69-0CB4-493D-A419-DA55636DA2CF}.AppStore|iPhoneSimulator.Build.0 = Release|Any CPU
		{E17A0A69-0CB4-493D-A419-DA55636DA2CF}.AppStore|x64.ActiveCfg = Release|Any CPU
		{E17A0A69-0CB4-493D-A419-DA55636DA2CF}.AppStore|x64.Build.0 = Release|Any CPU
		{E17A0A69-0CB4-493D-A419-DA55636DA2CF}.AppStore|x86.ActiveCfg = Release|Any CPU
		{E17A0A69-0CB4-493D-A419-DA55636DA2CF}.AppStore|x86.Build.0 = Release|Any CPU
		{E17A0A69-0CB4-493D-A419-DA55636DA2CF}.Debug|Any CPU.ActiveCfg = Debug|Any CPU
		{E17A0A69-0CB4-493D-A419-DA55636DA2CF}.Debug|Any CPU.Build.0 = Debug|Any CPU
		{E17A0A69-0CB4-493D-A419-DA55636DA2CF}.Debug|ARM.ActiveCfg = Debug|Any CPU
		{E17A0A69-0CB4-493D-A419-DA55636DA2CF}.Debug|ARM.Build.0 = Debug|Any CPU
		{E17A0A69-0CB4-493D-A419-DA55636DA2CF}.Debug|iPhone.ActiveCfg = Debug|Any CPU
		{E17A0A69-0CB4-493D-A419-DA55636DA2CF}.Debug|iPhone.Build.0 = Debug|Any CPU
		{E17A0A69-0CB4-493D-A419-DA55636DA2CF}.Debug|iPhoneSimulator.ActiveCfg = Debug|Any CPU
		{E17A0A69-0CB4-493D-A419-DA55636DA2CF}.Debug|iPhoneSimulator.Build.0 = Debug|Any CPU
		{E17A0A69-0CB4-493D-A419-DA55636DA2CF}.Debug|x64.ActiveCfg = Debug|Any CPU
		{E17A0A69-0CB4-493D-A419-DA55636DA2CF}.Debug|x64.Build.0 = Debug|Any CPU
		{E17A0A69-0CB4-493D-A419-DA55636DA2CF}.Debug|x86.ActiveCfg = Debug|Any CPU
		{E17A0A69-0CB4-493D-A419-DA55636DA2CF}.Debug|x86.Build.0 = Debug|Any CPU
		{E17A0A69-0CB4-493D-A419-DA55636DA2CF}.Release|Any CPU.ActiveCfg = Release|Any CPU
		{E17A0A69-0CB4-493D-A419-DA55636DA2CF}.Release|Any CPU.Build.0 = Release|Any CPU
		{E17A0A69-0CB4-493D-A419-DA55636DA2CF}.Release|ARM.ActiveCfg = Release|Any CPU
		{E17A0A69-0CB4-493D-A419-DA55636DA2CF}.Release|ARM.Build.0 = Release|Any CPU
		{E17A0A69-0CB4-493D-A419-DA55636DA2CF}.Release|iPhone.ActiveCfg = Release|Any CPU
		{E17A0A69-0CB4-493D-A419-DA55636DA2CF}.Release|iPhone.Build.0 = Release|Any CPU
		{E17A0A69-0CB4-493D-A419-DA55636DA2CF}.Release|iPhoneSimulator.ActiveCfg = Release|Any CPU
		{E17A0A69-0CB4-493D-A419-DA55636DA2CF}.Release|iPhoneSimulator.Build.0 = Release|Any CPU
		{E17A0A69-0CB4-493D-A419-DA55636DA2CF}.Release|x64.ActiveCfg = Release|Any CPU
		{E17A0A69-0CB4-493D-A419-DA55636DA2CF}.Release|x64.Build.0 = Release|Any CPU
		{E17A0A69-0CB4-493D-A419-DA55636DA2CF}.Release|x86.ActiveCfg = Release|Any CPU
		{E17A0A69-0CB4-493D-A419-DA55636DA2CF}.Release|x86.Build.0 = Release|Any CPU
		{E3F8B75A-6D48-485C-8CA5-133066C17679}.Ad-Hoc|Any CPU.ActiveCfg = Release|x86
		{E3F8B75A-6D48-485C-8CA5-133066C17679}.Ad-Hoc|Any CPU.Build.0 = Release|x86
		{E3F8B75A-6D48-485C-8CA5-133066C17679}.Ad-Hoc|Any CPU.Deploy.0 = Release|x86
		{E3F8B75A-6D48-485C-8CA5-133066C17679}.Ad-Hoc|ARM.ActiveCfg = Release|ARM
		{E3F8B75A-6D48-485C-8CA5-133066C17679}.Ad-Hoc|ARM.Build.0 = Release|ARM
		{E3F8B75A-6D48-485C-8CA5-133066C17679}.Ad-Hoc|ARM.Deploy.0 = Release|ARM
		{E3F8B75A-6D48-485C-8CA5-133066C17679}.Ad-Hoc|iPhone.ActiveCfg = Release|x86
		{E3F8B75A-6D48-485C-8CA5-133066C17679}.Ad-Hoc|iPhone.Build.0 = Release|x86
		{E3F8B75A-6D48-485C-8CA5-133066C17679}.Ad-Hoc|iPhone.Deploy.0 = Release|x86
		{E3F8B75A-6D48-485C-8CA5-133066C17679}.Ad-Hoc|iPhoneSimulator.ActiveCfg = Release|x86
		{E3F8B75A-6D48-485C-8CA5-133066C17679}.Ad-Hoc|iPhoneSimulator.Build.0 = Release|x86
		{E3F8B75A-6D48-485C-8CA5-133066C17679}.Ad-Hoc|iPhoneSimulator.Deploy.0 = Release|x86
		{E3F8B75A-6D48-485C-8CA5-133066C17679}.Ad-Hoc|x64.ActiveCfg = Release|x64
		{E3F8B75A-6D48-485C-8CA5-133066C17679}.Ad-Hoc|x64.Build.0 = Release|x64
		{E3F8B75A-6D48-485C-8CA5-133066C17679}.Ad-Hoc|x64.Deploy.0 = Release|x64
		{E3F8B75A-6D48-485C-8CA5-133066C17679}.Ad-Hoc|x86.ActiveCfg = Release|x86
		{E3F8B75A-6D48-485C-8CA5-133066C17679}.Ad-Hoc|x86.Build.0 = Release|x86
		{E3F8B75A-6D48-485C-8CA5-133066C17679}.Ad-Hoc|x86.Deploy.0 = Release|x86
		{E3F8B75A-6D48-485C-8CA5-133066C17679}.AppStore|Any CPU.ActiveCfg = Release|x86
		{E3F8B75A-6D48-485C-8CA5-133066C17679}.AppStore|Any CPU.Build.0 = Release|x86
		{E3F8B75A-6D48-485C-8CA5-133066C17679}.AppStore|Any CPU.Deploy.0 = Release|x86
		{E3F8B75A-6D48-485C-8CA5-133066C17679}.AppStore|ARM.ActiveCfg = Release|ARM
		{E3F8B75A-6D48-485C-8CA5-133066C17679}.AppStore|ARM.Build.0 = Release|ARM
		{E3F8B75A-6D48-485C-8CA5-133066C17679}.AppStore|ARM.Deploy.0 = Release|ARM
		{E3F8B75A-6D48-485C-8CA5-133066C17679}.AppStore|iPhone.ActiveCfg = Release|x86
		{E3F8B75A-6D48-485C-8CA5-133066C17679}.AppStore|iPhone.Build.0 = Release|x86
		{E3F8B75A-6D48-485C-8CA5-133066C17679}.AppStore|iPhone.Deploy.0 = Release|x86
		{E3F8B75A-6D48-485C-8CA5-133066C17679}.AppStore|iPhoneSimulator.ActiveCfg = Release|x86
		{E3F8B75A-6D48-485C-8CA5-133066C17679}.AppStore|iPhoneSimulator.Build.0 = Release|x86
		{E3F8B75A-6D48-485C-8CA5-133066C17679}.AppStore|iPhoneSimulator.Deploy.0 = Release|x86
		{E3F8B75A-6D48-485C-8CA5-133066C17679}.AppStore|x64.ActiveCfg = Release|x64
		{E3F8B75A-6D48-485C-8CA5-133066C17679}.AppStore|x64.Build.0 = Release|x64
		{E3F8B75A-6D48-485C-8CA5-133066C17679}.AppStore|x64.Deploy.0 = Release|x64
		{E3F8B75A-6D48-485C-8CA5-133066C17679}.AppStore|x86.ActiveCfg = Release|x86
		{E3F8B75A-6D48-485C-8CA5-133066C17679}.AppStore|x86.Build.0 = Release|x86
		{E3F8B75A-6D48-485C-8CA5-133066C17679}.AppStore|x86.Deploy.0 = Release|x86
		{E3F8B75A-6D48-485C-8CA5-133066C17679}.Debug|Any CPU.ActiveCfg = Debug|x86
		{E3F8B75A-6D48-485C-8CA5-133066C17679}.Debug|ARM.ActiveCfg = Debug|ARM
		{E3F8B75A-6D48-485C-8CA5-133066C17679}.Debug|ARM.Build.0 = Debug|ARM
		{E3F8B75A-6D48-485C-8CA5-133066C17679}.Debug|ARM.Deploy.0 = Debug|ARM
		{E3F8B75A-6D48-485C-8CA5-133066C17679}.Debug|iPhone.ActiveCfg = Debug|x86
		{E3F8B75A-6D48-485C-8CA5-133066C17679}.Debug|iPhoneSimulator.ActiveCfg = Debug|x86
		{E3F8B75A-6D48-485C-8CA5-133066C17679}.Debug|x64.ActiveCfg = Debug|x64
		{E3F8B75A-6D48-485C-8CA5-133066C17679}.Debug|x64.Build.0 = Debug|x64
		{E3F8B75A-6D48-485C-8CA5-133066C17679}.Debug|x64.Deploy.0 = Debug|x64
		{E3F8B75A-6D48-485C-8CA5-133066C17679}.Debug|x86.ActiveCfg = Debug|x86
		{E3F8B75A-6D48-485C-8CA5-133066C17679}.Debug|x86.Build.0 = Debug|x86
		{E3F8B75A-6D48-485C-8CA5-133066C17679}.Debug|x86.Deploy.0 = Debug|x86
		{E3F8B75A-6D48-485C-8CA5-133066C17679}.Release|Any CPU.ActiveCfg = Release|x86
		{E3F8B75A-6D48-485C-8CA5-133066C17679}.Release|ARM.ActiveCfg = Release|ARM
		{E3F8B75A-6D48-485C-8CA5-133066C17679}.Release|ARM.Build.0 = Release|ARM
		{E3F8B75A-6D48-485C-8CA5-133066C17679}.Release|ARM.Deploy.0 = Release|ARM
		{E3F8B75A-6D48-485C-8CA5-133066C17679}.Release|iPhone.ActiveCfg = Release|x86
		{E3F8B75A-6D48-485C-8CA5-133066C17679}.Release|iPhoneSimulator.ActiveCfg = Release|x86
		{E3F8B75A-6D48-485C-8CA5-133066C17679}.Release|x64.ActiveCfg = Release|x64
		{E3F8B75A-6D48-485C-8CA5-133066C17679}.Release|x64.Build.0 = Release|x64
		{E3F8B75A-6D48-485C-8CA5-133066C17679}.Release|x64.Deploy.0 = Release|x64
		{E3F8B75A-6D48-485C-8CA5-133066C17679}.Release|x86.ActiveCfg = Release|x86
		{E3F8B75A-6D48-485C-8CA5-133066C17679}.Release|x86.Build.0 = Release|x86
		{E3F8B75A-6D48-485C-8CA5-133066C17679}.Release|x86.Deploy.0 = Release|x86
		{B17BBADF-336C-46F7-9C68-1A5755F83770}.Ad-Hoc|Any CPU.ActiveCfg = Ad-Hoc|iPhone
		{B17BBADF-336C-46F7-9C68-1A5755F83770}.Ad-Hoc|ARM.ActiveCfg = Ad-Hoc|iPhone
		{B17BBADF-336C-46F7-9C68-1A5755F83770}.Ad-Hoc|iPhone.ActiveCfg = Ad-Hoc|iPhone
		{B17BBADF-336C-46F7-9C68-1A5755F83770}.Ad-Hoc|iPhone.Build.0 = Ad-Hoc|iPhone
		{B17BBADF-336C-46F7-9C68-1A5755F83770}.Ad-Hoc|iPhoneSimulator.ActiveCfg = Ad-Hoc|iPhoneSimulator
		{B17BBADF-336C-46F7-9C68-1A5755F83770}.Ad-Hoc|iPhoneSimulator.Build.0 = Ad-Hoc|iPhoneSimulator
		{B17BBADF-336C-46F7-9C68-1A5755F83770}.Ad-Hoc|x64.ActiveCfg = Ad-Hoc|iPhone
		{B17BBADF-336C-46F7-9C68-1A5755F83770}.Ad-Hoc|x86.ActiveCfg = Ad-Hoc|iPhone
		{B17BBADF-336C-46F7-9C68-1A5755F83770}.AppStore|Any CPU.ActiveCfg = AppStore|iPhone
		{B17BBADF-336C-46F7-9C68-1A5755F83770}.AppStore|ARM.ActiveCfg = AppStore|iPhone
		{B17BBADF-336C-46F7-9C68-1A5755F83770}.AppStore|iPhone.ActiveCfg = AppStore|iPhone
		{B17BBADF-336C-46F7-9C68-1A5755F83770}.AppStore|iPhone.Build.0 = AppStore|iPhone
		{B17BBADF-336C-46F7-9C68-1A5755F83770}.AppStore|iPhoneSimulator.ActiveCfg = AppStore|iPhoneSimulator
		{B17BBADF-336C-46F7-9C68-1A5755F83770}.AppStore|iPhoneSimulator.Build.0 = AppStore|iPhoneSimulator
		{B17BBADF-336C-46F7-9C68-1A5755F83770}.AppStore|x64.ActiveCfg = AppStore|iPhone
		{B17BBADF-336C-46F7-9C68-1A5755F83770}.AppStore|x86.ActiveCfg = AppStore|iPhone
		{B17BBADF-336C-46F7-9C68-1A5755F83770}.Debug|Any CPU.ActiveCfg = Debug|iPhone
		{B17BBADF-336C-46F7-9C68-1A5755F83770}.Debug|ARM.ActiveCfg = Debug|iPhone
		{B17BBADF-336C-46F7-9C68-1A5755F83770}.Debug|iPhone.ActiveCfg = Debug|iPhone
		{B17BBADF-336C-46F7-9C68-1A5755F83770}.Debug|iPhone.Build.0 = Debug|iPhone
		{B17BBADF-336C-46F7-9C68-1A5755F83770}.Debug|iPhoneSimulator.ActiveCfg = Debug|iPhoneSimulator
		{B17BBADF-336C-46F7-9C68-1A5755F83770}.Debug|iPhoneSimulator.Build.0 = Debug|iPhoneSimulator
		{B17BBADF-336C-46F7-9C68-1A5755F83770}.Debug|x64.ActiveCfg = Debug|iPhone
		{B17BBADF-336C-46F7-9C68-1A5755F83770}.Debug|x86.ActiveCfg = Debug|iPhone
		{B17BBADF-336C-46F7-9C68-1A5755F83770}.Release|Any CPU.ActiveCfg = Release|iPhone
		{B17BBADF-336C-46F7-9C68-1A5755F83770}.Release|ARM.ActiveCfg = Release|iPhone
		{B17BBADF-336C-46F7-9C68-1A5755F83770}.Release|iPhone.ActiveCfg = Release|iPhone
		{B17BBADF-336C-46F7-9C68-1A5755F83770}.Release|iPhone.Build.0 = Release|iPhone
		{B17BBADF-336C-46F7-9C68-1A5755F83770}.Release|iPhoneSimulator.ActiveCfg = Release|iPhoneSimulator
		{B17BBADF-336C-46F7-9C68-1A5755F83770}.Release|iPhoneSimulator.Build.0 = Release|iPhoneSimulator
		{B17BBADF-336C-46F7-9C68-1A5755F83770}.Release|x64.ActiveCfg = Release|iPhone
		{B17BBADF-336C-46F7-9C68-1A5755F83770}.Release|x86.ActiveCfg = Release|iPhone
	EndGlobalSection
	GlobalSection(SolutionProperties) = preSolution
		HideSolutionNode = FALSE
	EndGlobalSection
EndGlobal
